
Microsoft Visual Studio Solution File, Format Version 12.00
# Visual Studio Version 16
VisualStudioVersion = 16.0.32802.440
MinimumVisualStudioVersion = 10.0.40219.1
Project("{FAE04EC0-301F-11D3-BF4B-00C04F79EFBC}") = "InvoiceTest", "InvoiceTest\InvoiceTest.csproj", "{5032173B-A04B-472F-A2B5-70AB3B951617}"
EndProject
Project("{FAE04EC0-301F-11D3-BF4B-00C04F79EFBC}") = "DataAccessLayer", "DataAccessLayer\DataAccessLayer.csproj", "{EE13D0A8-A710-47ED-9DDE-67D7BA9E9076}"
EndProject
Global
	GlobalSection(SolutionConfigurationPlatforms) = preSolution
		Debug|Any CPU = Debug|Any CPU
		Release|Any CPU = Release|Any CPU
	EndGlobalSection
	GlobalSection(ProjectConfigurationPlatforms) = postSolution
		{5032173B-A04B-472F-A2B5-70AB3B951617}.Debug|Any CPU.ActiveCfg = Debug|Any CPU
		{5032173B-A04B-472F-A2B5-70AB3B951617}.Debug|Any CPU.Build.0 = Debug|Any CPU
		{5032173B-A04B-472F-A2B5-70AB3B951617}.Release|Any CPU.ActiveCfg = Release|Any CPU
		{5032173B-A04B-472F-A2B5-70AB3B951617}.Release|Any CPU.Build.0 = Release|Any CPU
		{EE13D0A8-A710-47ED-9DDE-67D7BA9E9076}.Debug|Any CPU.ActiveCfg = Debug|Any CPU
		{EE13D0A8-A710-47ED-9DDE-67D7BA9E9076}.Debug|Any CPU.Build.0 = Debug|Any CPU
		{EE13D0A8-A710-47ED-9DDE-67D7BA9E9076}.Release|Any CPU.ActiveCfg = Release|Any CPU
		{EE13D0A8-A710-47ED-9DDE-67D7BA9E9076}.Release|Any CPU.Build.0 = Release|Any CPU
	EndGlobalSection
	GlobalSection(SolutionProperties) = preSolution
		HideSolutionNode = FALSE
	EndGlobalSection
	GlobalSection(ExtensibilityGlobals) = postSolution
		SolutionGuid = {0D9E8032-C80C-4C94-96C2-295DA2ED8835}
	EndGlobalSection
EndGlobal
